
Microsoft Visual Studio Solution File, Format Version 12.00
# Visual Studio 15
VisualStudioVersion = 15.0.27703.2042
MinimumVisualStudioVersion = 10.0.40219.1
Project("{FAE04EC0-301F-11D3-BF4B-00C04F79EFBC}") = "Part1", "Part1\Part1.csproj", "{37B01200-38E0-4F7E-BAB3-A1957E31FA24}"
EndProject
Project("{2150E333-8FDC-42A3-9474-1A3956D46DE8}") = "Past2", "Past2", "{C859A6F0-2E45-44F6-BBD9-345721F0DD14}"
EndProject
Project("{FAE04EC0-301F-11D3-BF4B-00C04F79EFBC}") = "Lesson2_1", "Part2\Lesson2_1\Lesson2_1.csproj", "{D8ED819C-3B7B-48B3-8070-A5C39E79CDFB}"
EndProject
Project("{FAE04EC0-301F-11D3-BF4B-00C04F79EFBC}") = "Lesson2_2", "Part2\Lesson2_2\Lesson2_2.csproj", "{35F67ADE-5929-470F-A768-6DDBD405DDB6}"
EndProject
Project("{FAE04EC0-301F-11D3-BF4B-00C04F79EFBC}") = "Lesson2_3", "Part2\Lesson2_3\Lesson2_3.csproj", "{CF401B76-8509-423B-8C2F-2AD2B53C7219}"
EndProject
Project("{FAE04EC0-301F-11D3-BF4B-00C04F79EFBC}") = "Lesson2_4", "Part2\Lesson2_4\Lesson2_4.csproj", "{F09BD1FA-786F-446D-8572-783E3E50053B}"
EndProject
Project("{FAE04EC0-301F-11D3-BF4B-00C04F79EFBC}") = "Lesson2_5", "Part2\Lesson2_5\Lesson2_5.csproj", "{0C648AE2-A293-4D80-AD3C-E90BDF81AE54}"
EndProject
Project("{FAE04EC0-301F-11D3-BF4B-00C04F79EFBC}") = "Lesson2_6", "Part2\Lesson2_6\Lesson2_6.csproj", "{304D8203-B8F6-438D-A4F3-3B98A2B606B0}"
EndProject
Project("{FAE04EC0-301F-11D3-BF4B-00C04F79EFBC}") = "Lesson2_7", "Part2\Lesson2_7\Lesson2_7.csproj", "{262E3DAF-50A9-48C9-B167-3F460B5B3A76}"
EndProject
Project("{FAE04EC0-301F-11D3-BF4B-00C04F79EFBC}") = "Lesson2_8", "Part2\Lesson2_8\Lesson2_8.csproj", "{9BC93339-D9A9-4962-B876-EEB5FA77BDF2}"
EndProject
Global
	GlobalSection(SolutionConfigurationPlatforms) = preSolution
		Debug|Any CPU = Debug|Any CPU
		Release|Any CPU = Release|Any CPU
	EndGlobalSection
	GlobalSection(ProjectConfigurationPlatforms) = postSolution
		{37B01200-38E0-4F7E-BAB3-A1957E31FA24}.Debug|Any CPU.ActiveCfg = Debug|Any CPU
		{37B01200-38E0-4F7E-BAB3-A1957E31FA24}.Debug|Any CPU.Build.0 = Debug|Any CPU
		{37B01200-38E0-4F7E-BAB3-A1957E31FA24}.Release|Any CPU.ActiveCfg = Release|Any CPU
		{37B01200-38E0-4F7E-BAB3-A1957E31FA24}.Release|Any CPU.Build.0 = Release|Any CPU
		{D8ED819C-3B7B-48B3-8070-A5C39E79CDFB}.Debug|Any CPU.ActiveCfg = Debug|Any CPU
		{D8ED819C-3B7B-48B3-8070-A5C39E79CDFB}.Debug|Any CPU.Build.0 = Debug|Any CPU
		{D8ED819C-3B7B-48B3-8070-A5C39E79CDFB}.Release|Any CPU.ActiveCfg = Release|Any CPU
		{D8ED819C-3B7B-48B3-8070-A5C39E79CDFB}.Release|Any CPU.Build.0 = Release|Any CPU
		{35F67ADE-5929-470F-A768-6DDBD405DDB6}.Debug|Any CPU.ActiveCfg = Debug|Any CPU
		{35F67ADE-5929-470F-A768-6DDBD405DDB6}.Debug|Any CPU.Build.0 = Debug|Any CPU
		{35F67ADE-5929-470F-A768-6DDBD405DDB6}.Release|Any CPU.ActiveCfg = Release|Any CPU
		{35F67ADE-5929-470F-A768-6DDBD405DDB6}.Release|Any CPU.Build.0 = Release|Any CPU
		{CF401B76-8509-423B-8C2F-2AD2B53C7219}.Debug|Any CPU.ActiveCfg = Debug|Any CPU
		{CF401B76-8509-423B-8C2F-2AD2B53C7219}.Debug|Any CPU.Build.0 = Debug|Any CPU
		{CF401B76-8509-423B-8C2F-2AD2B53C7219}.Release|Any CPU.ActiveCfg = Release|Any CPU
		{CF401B76-8509-423B-8C2F-2AD2B53C7219}.Release|Any CPU.Build.0 = Release|Any CPU
		{F09BD1FA-786F-446D-8572-783E3E50053B}.Debug|Any CPU.ActiveCfg = Debug|Any CPU
		{F09BD1FA-786F-446D-8572-783E3E50053B}.Debug|Any CPU.Build.0 = Debug|Any CPU
		{F09BD1FA-786F-446D-8572-783E3E50053B}.Release|Any CPU.ActiveCfg = Release|Any CPU
		{F09BD1FA-786F-446D-8572-783E3E50053B}.Release|Any CPU.Build.0 = Release|Any CPU
		{0C648AE2-A293-4D80-AD3C-E90BDF81AE54}.Debug|Any CPU.ActiveCfg = Debug|Any CPU
		{0C648AE2-A293-4D80-AD3C-E90BDF81AE54}.Debug|Any CPU.Build.0 = Debug|Any CPU
		{0C648AE2-A293-4D80-AD3C-E90BDF81AE54}.Release|Any CPU.ActiveCfg = Release|Any CPU
		{0C648AE2-A293-4D80-AD3C-E90BDF81AE54}.Release|Any CPU.Build.0 = Release|Any CPU
		{304D8203-B8F6-438D-A4F3-3B98A2B606B0}.Debug|Any CPU.ActiveCfg = Debug|Any CPU
		{304D8203-B8F6-438D-A4F3-3B98A2B606B0}.Debug|Any CPU.Build.0 = Debug|Any CPU
		{304D8203-B8F6-438D-A4F3-3B98A2B606B0}.Release|Any CPU.ActiveCfg = Release|Any CPU
		{304D8203-B8F6-438D-A4F3-3B98A2B606B0}.Release|Any CPU.Build.0 = Release|Any CPU
		{262E3DAF-50A9-48C9-B167-3F460B5B3A76}.Debug|Any CPU.ActiveCfg = Debug|Any CPU
		{262E3DAF-50A9-48C9-B167-3F460B5B3A76}.Debug|Any CPU.Build.0 = Debug|Any CPU
		{262E3DAF-50A9-48C9-B167-3F460B5B3A76}.Release|Any CPU.ActiveCfg = Release|Any CPU
		{262E3DAF-50A9-48C9-B167-3F460B5B3A76}.Release|Any CPU.Build.0 = Release|Any CPU
		{9BC93339-D9A9-4962-B876-EEB5FA77BDF2}.Debug|Any CPU.ActiveCfg = Debug|Any CPU
		{9BC93339-D9A9-4962-B876-EEB5FA77BDF2}.Debug|Any CPU.Build.0 = Debug|Any CPU
		{9BC93339-D9A9-4962-B876-EEB5FA77BDF2}.Release|Any CPU.ActiveCfg = Release|Any CPU
		{9BC93339-D9A9-4962-B876-EEB5FA77BDF2}.Release|Any CPU.Build.0 = Release|Any CPU
	EndGlobalSection
	GlobalSection(SolutionProperties) = preSolution
		HideSolutionNode = FALSE
	EndGlobalSection
	GlobalSection(NestedProjects) = preSolution
		{D8ED819C-3B7B-48B3-8070-A5C39E79CDFB} = {C859A6F0-2E45-44F6-BBD9-345721F0DD14}
		{35F67ADE-5929-470F-A768-6DDBD405DDB6} = {C859A6F0-2E45-44F6-BBD9-345721F0DD14}
		{CF401B76-8509-423B-8C2F-2AD2B53C7219} = {C859A6F0-2E45-44F6-BBD9-345721F0DD14}
		{F09BD1FA-786F-446D-8572-783E3E50053B} = {C859A6F0-2E45-44F6-BBD9-345721F0DD14}
		{0C648AE2-A293-4D80-AD3C-E90BDF81AE54} = {C859A6F0-2E45-44F6-BBD9-345721F0DD14}
		{304D8203-B8F6-438D-A4F3-3B98A2B606B0} = {C859A6F0-2E45-44F6-BBD9-345721F0DD14}
		{262E3DAF-50A9-48C9-B167-3F460B5B3A76} = {C859A6F0-2E45-44F6-BBD9-345721F0DD14}
		{9BC93339-D9A9-4962-B876-EEB5FA77BDF2} = {C859A6F0-2E45-44F6-BBD9-345721F0DD14}
	EndGlobalSection
	GlobalSection(ExtensibilityGlobals) = postSolution
		SolutionGuid = {E01C43C9-8FD5-4D1F-8307-3AA1C1D33CCC}
	EndGlobalSection
EndGlobal
