
Microsoft Visual Studio Solution File, Format Version 12.00
# Visual Studio 15
VisualStudioVersion = 15.0.27703.2042
MinimumVisualStudioVersion = 10.0.40219.1
Project("{FAE04EC0-301F-11D3-BF4B-00C04F79EFBC}") = "Part1", "Part1\Part1.csproj", "{37B01200-38E0-4F7E-BAB3-A1957E31FA24}"
EndProject
Project("{2150E333-8FDC-42A3-9474-1A3956D46DE8}") = "Past2", "Past2", "{C859A6F0-2E45-44F6-BBD9-345721F0DD14}"
EndProject
Project("{FAE04EC0-301F-11D3-BF4B-00C04F79EFBC}") = "Lesson2_1", "Lesson2_1\Lesson2_1.csproj", "{D8ED819C-3B7B-48B3-8070-A5C39E79CDFB}"
EndProject
Global
	GlobalSection(SolutionConfigurationPlatforms) = preSolution
		Debug|Any CPU = Debug|Any CPU
		Release|Any CPU = Release|Any CPU
	EndGlobalSection
	GlobalSection(ProjectConfigurationPlatforms) = postSolution
		{37B01200-38E0-4F7E-BAB3-A1957E31FA24}.Debug|Any CPU.ActiveCfg = Debug|Any CPU
		{37B01200-38E0-4F7E-BAB3-A1957E31FA24}.Debug|Any CPU.Build.0 = Debug|Any CPU
		{37B01200-38E0-4F7E-BAB3-A1957E31FA24}.Release|Any CPU.ActiveCfg = Release|Any CPU
		{37B01200-38E0-4F7E-BAB3-A1957E31FA24}.Release|Any CPU.Build.0 = Release|Any CPU
		{D8ED819C-3B7B-48B3-8070-A5C39E79CDFB}.Debug|Any CPU.ActiveCfg = Debug|Any CPU
		{D8ED819C-3B7B-48B3-8070-A5C39E79CDFB}.Debug|Any CPU.Build.0 = Debug|Any CPU
		{D8ED819C-3B7B-48B3-8070-A5C39E79CDFB}.Release|Any CPU.ActiveCfg = Release|Any CPU
		{D8ED819C-3B7B-48B3-8070-A5C39E79CDFB}.Release|Any CPU.Build.0 = Release|Any CPU
	EndGlobalSection
	GlobalSection(SolutionProperties) = preSolution
		HideSolutionNode = FALSE
	EndGlobalSection
	GlobalSection(NestedProjects) = preSolution
		{D8ED819C-3B7B-48B3-8070-A5C39E79CDFB} = {C859A6F0-2E45-44F6-BBD9-345721F0DD14}
	EndGlobalSection
	GlobalSection(ExtensibilityGlobals) = postSolution
		SolutionGuid = {E01C43C9-8FD5-4D1F-8307-3AA1C1D33CCC}
	EndGlobalSection
EndGlobal
